
Microsoft Visual Studio Solution File, Format Version 12.00
# Visual Studio Version 17
VisualStudioVersion = 17.4.33103.184
MinimumVisualStudioVersion = 10.0.40219.1
Project("{2150E333-8FDC-42A3-9474-1A3956D46DE8}") = "01-SRPrinciple", "01-SRPrinciple", "{7C8A5944-05D1-4D4E-A612-8640E86E6596}"
EndProject
Project("{2150E333-8FDC-42A3-9474-1A3956D46DE8}") = "02-OCPrinciple", "02-OCPrinciple", "{EDFDE278-71F5-4F6A-811F-51EDC91E3B66}"
EndProject
Project("{2150E333-8FDC-42A3-9474-1A3956D46DE8}") = "03-LSPrinciple", "03-LSPrinciple", "{D576EB1D-F084-4229-96A6-53BC2300FB5B}"
EndProject
Project("{2150E333-8FDC-42A3-9474-1A3956D46DE8}") = "04-ISPrinciple", "04-ISPrinciple", "{579BB506-893A-4929-A815-54C683EFB6DB}"
EndProject
Project("{2150E333-8FDC-42A3-9474-1A3956D46DE8}") = "05-DIPrinciple", "05-DIPrinciple", "{B75F68CC-76A2-462D-8B2C-D8EDE60D3DA6}"
EndProject
Project("{FAE04EC0-301F-11D3-BF4B-00C04F79EFBC}") = "Problem", "Problem\Problem.csproj", "{6D1848A2-F9A4-4AB1-B832-6C7151C5CE49}"
EndProject
Project("{FAE04EC0-301F-11D3-BF4B-00C04F79EFBC}") = "Solutions", "Solutions\Solutions.csproj", "{BE8E23AA-5707-405D-B36B-A06BE7629387}"
EndProject
Global
	GlobalSection(SolutionConfigurationPlatforms) = preSolution
		Debug|Any CPU = Debug|Any CPU
		Release|Any CPU = Release|Any CPU
	EndGlobalSection
	GlobalSection(ProjectConfigurationPlatforms) = postSolution
		{6D1848A2-F9A4-4AB1-B832-6C7151C5CE49}.Debug|Any CPU.ActiveCfg = Debug|Any CPU
		{6D1848A2-F9A4-4AB1-B832-6C7151C5CE49}.Debug|Any CPU.Build.0 = Debug|Any CPU
		{6D1848A2-F9A4-4AB1-B832-6C7151C5CE49}.Release|Any CPU.ActiveCfg = Release|Any CPU
		{6D1848A2-F9A4-4AB1-B832-6C7151C5CE49}.Release|Any CPU.Build.0 = Release|Any CPU
		{BE8E23AA-5707-405D-B36B-A06BE7629387}.Debug|Any CPU.ActiveCfg = Debug|Any CPU
		{BE8E23AA-5707-405D-B36B-A06BE7629387}.Debug|Any CPU.Build.0 = Debug|Any CPU
		{BE8E23AA-5707-405D-B36B-A06BE7629387}.Release|Any CPU.ActiveCfg = Release|Any CPU
		{BE8E23AA-5707-405D-B36B-A06BE7629387}.Release|Any CPU.Build.0 = Release|Any CPU
	EndGlobalSection
	GlobalSection(SolutionProperties) = preSolution
		HideSolutionNode = FALSE
	EndGlobalSection
	GlobalSection(NestedProjects) = preSolution
		{6D1848A2-F9A4-4AB1-B832-6C7151C5CE49} = {7C8A5944-05D1-4D4E-A612-8640E86E6596}
		{BE8E23AA-5707-405D-B36B-A06BE7629387} = {7C8A5944-05D1-4D4E-A612-8640E86E6596}
	EndGlobalSection
	GlobalSection(ExtensibilityGlobals) = postSolution
		SolutionGuid = {8198C9C3-052D-480F-AE89-F75F257E6DAD}
	EndGlobalSection
EndGlobal
